
Microsoft Visual Studio Solution File, Format Version 12.00
# Visual Studio 15
VisualStudioVersion = 15.0.26730.12
MinimumVisualStudioVersion = 10.0.40219.1
Project("{FAE04EC0-301F-11D3-BF4B-00C04F79EFBC}") = "UniversalStreamReader", "UniversalStreamReader\UniversalStreamReader.csproj", "{EFD49307-E3C5-4EEB-9C7E-20B956B10388}"
EndProject
Project("{FAE04EC0-301F-11D3-BF4B-00C04F79EFBC}") = "UnitTests", "UnitTests\UnitTests.csproj", "{9ECDD10F-E1DD-4133-95BB-C0B5D6F7F531}"
EndProject
Global
	GlobalSection(SolutionConfigurationPlatforms) = preSolution
		Debug|Any CPU = Debug|Any CPU
		Release|Any CPU = Release|Any CPU
	EndGlobalSection
	GlobalSection(ProjectConfigurationPlatforms) = postSolution
		{EFD49307-E3C5-4EEB-9C7E-20B956B10388}.Debug|Any CPU.ActiveCfg = Debug|Any CPU
		{EFD49307-E3C5-4EEB-9C7E-20B956B10388}.Debug|Any CPU.Build.0 = Debug|Any CPU
		{EFD49307-E3C5-4EEB-9C7E-20B956B10388}.Release|Any CPU.ActiveCfg = Release|Any CPU
		{EFD49307-E3C5-4EEB-9C7E-20B956B10388}.Release|Any CPU.Build.0 = Release|Any CPU
		{9ECDD10F-E1DD-4133-95BB-C0B5D6F7F531}.Debug|Any CPU.ActiveCfg = Debug|Any CPU
		{9ECDD10F-E1DD-4133-95BB-C0B5D6F7F531}.Debug|Any CPU.Build.0 = Debug|Any CPU
		{9ECDD10F-E1DD-4133-95BB-C0B5D6F7F531}.Release|Any CPU.ActiveCfg = Release|Any CPU
		{9ECDD10F-E1DD-4133-95BB-C0B5D6F7F531}.Release|Any CPU.Build.0 = Release|Any CPU
	EndGlobalSection
	GlobalSection(SolutionProperties) = preSolution
		HideSolutionNode = FALSE
	EndGlobalSection
	GlobalSection(ExtensibilityGlobals) = postSolution
		SolutionGuid = {7F7260B0-607A-4A90-9D28-6228DBB2F3F5}
	EndGlobalSection
EndGlobal
